{
  "requires": true,
  "lockfileVersion": 1,
  "dependencies": {
    "@reactivex/rxjs": {
      "version": "5.0.0-beta.1",
      "resolved": "https://registry.npmjs.org/@reactivex/rxjs/-/rxjs-5.0.0-beta.1.tgz",
      "integrity": "sha1-E6zUw2kYfM47zLfxJh0krNR8PxA="
    },
    "tslib": {
      "version": "1.9.3",
      "resolved": "https://registry.npmjs.org/tslib/-/tslib-1.9.3.tgz",
      "integrity": "sha512-4krF8scpejhaOgqzBEcGM7yDIEfi0/8+8zDRZhNZZ2kjmHJ4hv3zCbQWxoJGz1iw5U0Jl0nma13xzHXcncMavQ=="
    }
  }
}
